{
  "lockfileVersion": 1,
  "workspaces": {
    "": {
      "name": "formgive",
      "dependencies": {
        "kind-of": "^6.0.3",
      },
    },
  },
  "packages": {
    "kind-of": ["kind-of@6.0.3", "", {}, "sha512-dcS1ul+9tmeD95T+x28/ehLgd9mENa3LsvDTtzm3vyBEO7RPptvAD+t44WVXaUjTBRcrpFeFlC8WCruUR456hw=="],
  }
}
